<?xml version="1.0" encoding="UTF-8" standalone="yes" ?>
<CodeBlocks_project_file>
	<FileVersion major="1" minor="6" />
	<Project>
		<Option title="ProyectoFinalProgramacionI" />
		<Option pch_mode="2" />
		<Option compiler="gcc" />
		<Build>
			<Target title="Debug">
				<Option output="bin/Debug/ProyectoFinalProgramacionI" prefix_auto="1" extension_auto="1" />
				<Option object_output="obj/Debug/" />
				<Option type="1" />
				<Option compiler="gcc" />
				<Compiler>
					<Add option="-g" />
					<Add directory="../ProyectoFinalProgramacionI" />
					<Add directory="include" />
					<Add directory="../ConsolePaint" />
					<Add directory="./" />
					<Add directory="Archivos" />
				</Compiler>
			</Target>
			<Target title="Release">
				<Option output="bin/Release/ProyectoFinalProgramacionI" prefix_auto="1" extension_auto="1" />
				<Option object_output="obj/Release/" />
				<Option type="1" />
				<Option compiler="gcc" />
				<Compiler>
					<Add option="-O2" />
					<Add directory="../ProyectoFinalProgramacionI" />
					<Add directory="include" />
					<Add directory="../ConsolePaint" />
					<Add directory="./" />
					<Add directory="Archivos" />
				</Compiler>
				<Linker>
					<Add option="-s" />
				</Linker>
			</Target>
		</Build>
		<Compiler>
			<Add option="-Wall" />
			<Add option="-fexceptions" />
		</Compiler>
		<Unit filename="Entidades.cpp" />
		<Unit filename="Entidades.h" />
		<Unit filename="FiguraGeometricaCirculo.h" />
		<Unit filename="FiguraGeometricaCuadrado.h" />
		<Unit filename="FiguraGeometricaHexagono.h" />
		<Unit filename="FiguraGeometricaLinea.h" />
		<Unit filename="FiguraGeometricaRectangulo.h" />
		<Unit filename="FiguraGeometricaRombo.h" />
		<Unit filename="FiguraGeometricaTriangulo.h" />
		<Unit filename="FiguraGeometrica/FiguraGeometricaCirculo.cpp" />
		<Unit filename="FiguraGeometrica/FiguraGeometricaCuadrado.cpp" />
		<Unit filename="FiguraGeometrica/FiguraGeometricaHexagono.cpp" />
		<Unit filename="FiguraGeometrica/FiguraGeometricaLinea.cpp" />
		<Unit filename="FiguraGeometrica/FiguraGeometricaRectangulo.cpp" />
		<Unit filename="FiguraGeometrica/FiguraGeometricaRombo.cpp" />
		<Unit filename="FiguraGeometrica/FiguraGeometricaTriangulo.cpp" />
		<Unit filename="GestionArchivo.cpp" />
		<Unit filename="GestionArchivo.h" />
		<Unit filename="Utilerias.cpp" />
		<Unit filename="Utilerias.h" />
		<Unit filename="main.cpp" />
		<Extensions>
			<lib_finder disable_auto="1" />
		</Extensions>
	</Project>
</CodeBlocks_project_file>
